{
  "entries": [
    {
      "path": ".claude/skills/brickkit-assemble/SKILL.md",
      "version": "v0.1.1",
      "sum": "sha256:ff7b9f5e938c11bd2a1cd213f52ea72620b1d46ff0e1bef3744c388d07afe0b6"
    },
    {
      "path": ".claude/skills/brickkit-component/SKILL.md",
      "version": "v0.1.1",
      "sum": "sha256:0bc89f81c231f7b60acfaf229a714cc073e7ebf2c618ecd9b1f83d0e8eb6544b"
    },
    {
      "path": ".claude/skills/brickkit-deploy/SKILL.md",
      "version": "v0.1.1",
      "sum": "sha256:2adb93e241fee2cccbe1abefdcd291e0de142e29991eeb3988fcdf56debc5360"
    },
    {
      "path": ".claude/skills/brickkit-troubleshoot/SKILL.md",
      "version": "v0.1.1",
      "sum": "sha256:e46e1e48bd20f39dab125fe4df70fa4c53ec1dc810d8a3c9293ef49f8ea10ac1"
    },
    {
      "path": "AGENTS.md",
      "version": "v0.1.1",
      "sum": "sha256:928b68a8340e755dd464affb7f874879dad19bf8700e580fe733b24d4bc572b5"
    }
  ]
}
